
Microsoft Visual Studio Solution File, Format Version 12.00
# Visual Studio 14
VisualStudioVersion = 14.0.24720.0
MinimumVisualStudioVersion = 10.0.40219.1
Project("{FAE04EC0-301F-11D3-BF4B-00C04F79EFBC}") = "bandura-player-desktop", "bandura-player\bandura-player-desktop.csproj", "{4E04A487-3BE1-4CCE-801A-7C4E4BE1290C}"
EndProject
Project("{2150E333-8FDC-42A3-9474-1A3956D46DE8}") = "Solution Items", "Solution Items", "{6CB4E9BA-F334-4186-A3B3-761B5206D813}"
	ProjectSection(SolutionItems) = preProject
		Description.txt = Description.txt
	EndProjectSection
EndProject
Project("{FAE04EC0-301F-11D3-BF4B-00C04F79EFBC}") = "Bandura.Design", "Bandura.Design\Bandura.Design.csproj", "{2AF53FFB-FFB8-4CA0-A901-D646A7C1CB4D}"
EndProject
Project("{FAE04EC0-301F-11D3-BF4B-00C04F79EFBC}") = "vk-api-module", "..\vk-api\vk-api-module\vk-api-module.csproj", "{4F5A32F7-F7F9-4C0E-A98E-325180D8F148}"
EndProject
Project("{FAE04EC0-301F-11D3-BF4B-00C04F79EFBC}") = "Bandura.ViewModel", "Bandura.ViewModel\Bandura.ViewModel.csproj", "{7DBD8C0D-74A9-4090-BE8D-CF455E7A0385}"
EndProject
Project("{FAE04EC0-301F-11D3-BF4B-00C04F79EFBC}") = "Bandura.Audio", "Bandura.Audio\Bandura.Audio.csproj", "{77A3FAD8-0F76-48CA-B3B1-A148D97ED576}"
EndProject
Project("{2150E333-8FDC-42A3-9474-1A3956D46DE8}") = "Test", "Test", "{98E3D314-4BC3-493F-904E-2F6698B06A07}"
EndProject
Project("{FAE04EC0-301F-11D3-BF4B-00C04F79EFBC}") = "AudioLibTesting", "AudioLibTesting\AudioLibTesting.csproj", "{4CD1548A-60E6-4E4C-B945-A706E49F24FE}"
EndProject
Project("{FAE04EC0-301F-11D3-BF4B-00C04F79EFBC}") = "Bandura.Audio.Module", "Bandura.Audio.Module\Bandura.Audio.Module.csproj", "{EECC0C67-5748-4733-B3B6-78FFA566AB89}"
EndProject
Project("{FAE04EC0-301F-11D3-BF4B-00C04F79EFBC}") = "Id3Lib", "..\ID3Lib\Id3Lib.csproj", "{4C0E405B-FBE5-4949-8953-0B4AEB0D22B8}"
EndProject
Global
	GlobalSection(SolutionConfigurationPlatforms) = preSolution
		Debug|Any CPU = Debug|Any CPU
		Release|Any CPU = Release|Any CPU
	EndGlobalSection
	GlobalSection(ProjectConfigurationPlatforms) = postSolution
		{4E04A487-3BE1-4CCE-801A-7C4E4BE1290C}.Debug|Any CPU.ActiveCfg = Debug|Any CPU
		{4E04A487-3BE1-4CCE-801A-7C4E4BE1290C}.Debug|Any CPU.Build.0 = Debug|Any CPU
		{4E04A487-3BE1-4CCE-801A-7C4E4BE1290C}.Release|Any CPU.ActiveCfg = Release|Any CPU
		{4E04A487-3BE1-4CCE-801A-7C4E4BE1290C}.Release|Any CPU.Build.0 = Release|Any CPU
		{2AF53FFB-FFB8-4CA0-A901-D646A7C1CB4D}.Debug|Any CPU.ActiveCfg = Debug|Any CPU
		{2AF53FFB-FFB8-4CA0-A901-D646A7C1CB4D}.Debug|Any CPU.Build.0 = Debug|Any CPU
		{2AF53FFB-FFB8-4CA0-A901-D646A7C1CB4D}.Release|Any CPU.ActiveCfg = Release|Any CPU
		{2AF53FFB-FFB8-4CA0-A901-D646A7C1CB4D}.Release|Any CPU.Build.0 = Release|Any CPU
		{4F5A32F7-F7F9-4C0E-A98E-325180D8F148}.Debug|Any CPU.ActiveCfg = Debug|Any CPU
		{4F5A32F7-F7F9-4C0E-A98E-325180D8F148}.Debug|Any CPU.Build.0 = Debug|Any CPU
		{4F5A32F7-F7F9-4C0E-A98E-325180D8F148}.Release|Any CPU.ActiveCfg = Release|Any CPU
		{4F5A32F7-F7F9-4C0E-A98E-325180D8F148}.Release|Any CPU.Build.0 = Release|Any CPU
		{7DBD8C0D-74A9-4090-BE8D-CF455E7A0385}.Debug|Any CPU.ActiveCfg = Debug|Any CPU
		{7DBD8C0D-74A9-4090-BE8D-CF455E7A0385}.Debug|Any CPU.Build.0 = Debug|Any CPU
		{7DBD8C0D-74A9-4090-BE8D-CF455E7A0385}.Release|Any CPU.ActiveCfg = Release|Any CPU
		{7DBD8C0D-74A9-4090-BE8D-CF455E7A0385}.Release|Any CPU.Build.0 = Release|Any CPU
		{77A3FAD8-0F76-48CA-B3B1-A148D97ED576}.Debug|Any CPU.ActiveCfg = Debug|Any CPU
		{77A3FAD8-0F76-48CA-B3B1-A148D97ED576}.Debug|Any CPU.Build.0 = Debug|Any CPU
		{77A3FAD8-0F76-48CA-B3B1-A148D97ED576}.Release|Any CPU.ActiveCfg = Release|Any CPU
		{77A3FAD8-0F76-48CA-B3B1-A148D97ED576}.Release|Any CPU.Build.0 = Release|Any CPU
		{4CD1548A-60E6-4E4C-B945-A706E49F24FE}.Debug|Any CPU.ActiveCfg = Debug|Any CPU
		{4CD1548A-60E6-4E4C-B945-A706E49F24FE}.Debug|Any CPU.Build.0 = Debug|Any CPU
		{4CD1548A-60E6-4E4C-B945-A706E49F24FE}.Release|Any CPU.ActiveCfg = Release|Any CPU
		{4CD1548A-60E6-4E4C-B945-A706E49F24FE}.Release|Any CPU.Build.0 = Release|Any CPU
		{EECC0C67-5748-4733-B3B6-78FFA566AB89}.Debug|Any CPU.ActiveCfg = Debug|Any CPU
		{EECC0C67-5748-4733-B3B6-78FFA566AB89}.Debug|Any CPU.Build.0 = Debug|Any CPU
		{EECC0C67-5748-4733-B3B6-78FFA566AB89}.Release|Any CPU.ActiveCfg = Release|Any CPU
		{EECC0C67-5748-4733-B3B6-78FFA566AB89}.Release|Any CPU.Build.0 = Release|Any CPU
		{4C0E405B-FBE5-4949-8953-0B4AEB0D22B8}.Debug|Any CPU.ActiveCfg = Debug|Any CPU
		{4C0E405B-FBE5-4949-8953-0B4AEB0D22B8}.Debug|Any CPU.Build.0 = Debug|Any CPU
		{4C0E405B-FBE5-4949-8953-0B4AEB0D22B8}.Release|Any CPU.ActiveCfg = Release|Any CPU
		{4C0E405B-FBE5-4949-8953-0B4AEB0D22B8}.Release|Any CPU.Build.0 = Release|Any CPU
	EndGlobalSection
	GlobalSection(SolutionProperties) = preSolution
		HideSolutionNode = FALSE
	EndGlobalSection
	GlobalSection(NestedProjects) = preSolution
		{4CD1548A-60E6-4E4C-B945-A706E49F24FE} = {98E3D314-4BC3-493F-904E-2F6698B06A07}
		{4C0E405B-FBE5-4949-8953-0B4AEB0D22B8} = {98E3D314-4BC3-493F-904E-2F6698B06A07}
	EndGlobalSection
EndGlobal
